
Microsoft Visual Studio Solution File, Format Version 12.00
# Visual Studio Version 16
VisualStudioVersion = 16.0.29503.13
MinimumVisualStudioVersion = 10.0.40219.1
Project("{FAE04EC0-301F-11D3-BF4B-00C04F79EFBC}") = "MyCalculator", "MyCalculator\MyCalculator.csproj", "{49769142-E7D9-4562-9415-FE6CACB63068}"
EndProject
Global
	GlobalSection(SolutionConfigurationPlatforms) = preSolution
		Debug|Any CPU = Debug|Any CPU
		Release|Any CPU = Release|Any CPU
	EndGlobalSection
	GlobalSection(ProjectConfigurationPlatforms) = postSolution
		{49769142-E7D9-4562-9415-FE6CACB63068}.Debug|Any CPU.ActiveCfg = Debug|Any CPU
		{49769142-E7D9-4562-9415-FE6CACB63068}.Debug|Any CPU.Build.0 = Debug|Any CPU
		{49769142-E7D9-4562-9415-FE6CACB63068}.Release|Any CPU.ActiveCfg = Release|Any CPU
		{49769142-E7D9-4562-9415-FE6CACB63068}.Release|Any CPU.Build.0 = Release|Any CPU
	EndGlobalSection
	GlobalSection(SolutionProperties) = preSolution
		HideSolutionNode = FALSE
	EndGlobalSection
	GlobalSection(ExtensibilityGlobals) = postSolution
		SolutionGuid = {BB669839-E297-4660-9DE5-B370B127AD76}
	EndGlobalSection
EndGlobal
